{
  "requires": true,
  "lockfileVersion": 1,
  "dependencies": {
    "nouislider": {
      "version": "15.1.1",
      "resolved": "https://registry.npmjs.org/nouislider/-/nouislider-15.1.1.tgz",
      "integrity": "sha512-xV9nabBSF59Q4vs5yNfnAey8AkEfq2bKM98e8wfg5jJM7IESGIViWHdjRoBsBGyljYenWt6fSJgczwt8ilKpew=="
    }
  }
}
